<Solution>
  <Folder Name="/src/">
    <Project Path="src/ServiceBooking.API/ServiceBooking.API.csproj" />
    <Project Path="src/ServiceBooking.Application/ServiceBooking.Application.csproj" />
    <Project Path="src/ServiceBooking.Domain/ServiceBooking.Domain.csproj" />
    <Project Path="src/ServiceBooking.Infrastructure/ServiceBooking.Infrastructure.csproj" />
  </Folder>
  <Folder Name="/tests/">
    <Project Path="tests/ServiceBooking.Tests/ServiceBooking.Tests.csproj" />
  </Folder>
</Solution>
